
Microsoft Visual Studio Solution File, Format Version 12.00
# Visual Studio Version 17
VisualStudioVersion = 17.0.31903.59
MinimumVisualStudioVersion = 10.0.40219.1
Project("{2150E333-8FDC-42A3-9474-1A3956D46DE8}") = "src", "src", "{827E0CD3-B72D-47B6-A68D-7590B98EB39B}"
EndProject
Project("{FAE04EC0-301F-11D3-BF4B-00C04F79EFBC}") = "CobolSharp.Compiler", "src\CobolSharp.Compiler\CobolSharp.Compiler.csproj", "{92751800-CC25-4FE1-AC51-B0848EE35E15}"
EndProject
Project("{FAE04EC0-301F-11D3-BF4B-00C04F79EFBC}") = "CobolSharp.Runtime", "src\CobolSharp.Runtime\CobolSharp.Runtime.csproj", "{73D5C778-97EB-4777-9240-FC3C883C404C}"
EndProject
Project("{FAE04EC0-301F-11D3-BF4B-00C04F79EFBC}") = "CobolSharp.CLI", "src\CobolSharp.CLI\CobolSharp.CLI.csproj", "{DE40B4DE-E304-4D7F-97A2-90B45B6CE689}"
EndProject
Project("{FAE04EC0-301F-11D3-BF4B-00C04F79EFBC}") = "CobolSharp.Tests.Unit", "tests\CobolSharp.Tests.Unit\CobolSharp.Tests.Unit.csproj", "{28255BF3-7C9C-4ECE-AEAB-2C24358B4021}"
EndProject
Project("{FAE04EC0-301F-11D3-BF4B-00C04F79EFBC}") = "CobolSharp.Tests.Integration", "tests\CobolSharp.Tests.Integration\CobolSharp.Tests.Integration.csproj", "{EAFAB667-B5F7-496E-8CBE-54EE8BA57644}"
EndProject
Global
	GlobalSection(SolutionConfigurationPlatforms) = preSolution
		Debug|Any CPU = Debug|Any CPU
		Debug|x64 = Debug|x64
		Debug|x86 = Debug|x86
		Release|Any CPU = Release|Any CPU
		Release|x64 = Release|x64
		Release|x86 = Release|x86
	EndGlobalSection
	GlobalSection(ProjectConfigurationPlatforms) = postSolution
		{92751800-CC25-4FE1-AC51-B0848EE35E15}.Debug|Any CPU.ActiveCfg = Debug|Any CPU
		{92751800-CC25-4FE1-AC51-B0848EE35E15}.Debug|Any CPU.Build.0 = Debug|Any CPU
		{92751800-CC25-4FE1-AC51-B0848EE35E15}.Debug|x64.ActiveCfg = Debug|Any CPU
		{92751800-CC25-4FE1-AC51-B0848EE35E15}.Debug|x64.Build.0 = Debug|Any CPU
		{92751800-CC25-4FE1-AC51-B0848EE35E15}.Debug|x86.ActiveCfg = Debug|Any CPU
		{92751800-CC25-4FE1-AC51-B0848EE35E15}.Debug|x86.Build.0 = Debug|Any CPU
		{92751800-CC25-4FE1-AC51-B0848EE35E15}.Release|Any CPU.ActiveCfg = Release|Any CPU
		{92751800-CC25-4FE1-AC51-B0848EE35E15}.Release|Any CPU.Build.0 = Release|Any CPU
		{92751800-CC25-4FE1-AC51-B0848EE35E15}.Release|x64.ActiveCfg = Release|Any CPU
		{92751800-CC25-4FE1-AC51-B0848EE35E15}.Release|x64.Build.0 = Release|Any CPU
		{92751800-CC25-4FE1-AC51-B0848EE35E15}.Release|x86.ActiveCfg = Release|Any CPU
		{92751800-CC25-4FE1-AC51-B0848EE35E15}.Release|x86.Build.0 = Release|Any CPU
		{73D5C778-97EB-4777-9240-FC3C883C404C}.Debug|Any CPU.ActiveCfg = Debug|Any CPU
		{73D5C778-97EB-4777-9240-FC3C883C404C}.Debug|Any CPU.Build.0 = Debug|Any CPU
		{73D5C778-97EB-4777-9240-FC3C883C404C}.Debug|x64.ActiveCfg = Debug|Any CPU
		{73D5C778-97EB-4777-9240-FC3C883C404C}.Debug|x64.Build.0 = Debug|Any CPU
		{73D5C778-97EB-4777-9240-FC3C883C404C}.Debug|x86.ActiveCfg = Debug|Any CPU
		{73D5C778-97EB-4777-9240-FC3C883C404C}.Debug|x86.Build.0 = Debug|Any CPU
		{73D5C778-97EB-4777-9240-FC3C883C404C}.Release|Any CPU.ActiveCfg = Release|Any CPU
		{73D5C778-97EB-4777-9240-FC3C883C404C}.Release|Any CPU.Build.0 = Release|Any CPU
		{73D5C778-97EB-4777-9240-FC3C883C404C}.Release|x64.ActiveCfg = Release|Any CPU
		{73D5C778-97EB-4777-9240-FC3C883C404C}.Release|x64.Build.0 = Release|Any CPU
		{73D5C778-97EB-4777-9240-FC3C883C404C}.Release|x86.ActiveCfg = Release|Any CPU
		{73D5C778-97EB-4777-9240-FC3C883C404C}.Release|x86.Build.0 = Release|Any CPU
		{DE40B4DE-E304-4D7F-97A2-90B45B6CE689}.Debug|Any CPU.ActiveCfg = Debug|Any CPU
		{DE40B4DE-E304-4D7F-97A2-90B45B6CE689}.Debug|Any CPU.Build.0 = Debug|Any CPU
		{DE40B4DE-E304-4D7F-97A2-90B45B6CE689}.Debug|x64.ActiveCfg = Debug|Any CPU
		{DE40B4DE-E304-4D7F-97A2-90B45B6CE689}.Debug|x64.Build.0 = Debug|Any CPU
		{DE40B4DE-E304-4D7F-97A2-90B45B6CE689}.Debug|x86.ActiveCfg = Debug|Any CPU
		{DE40B4DE-E304-4D7F-97A2-90B45B6CE689}.Debug|x86.Build.0 = Debug|Any CPU
		{DE40B4DE-E304-4D7F-97A2-90B45B6CE689}.Release|Any CPU.ActiveCfg = Release|Any CPU
		{DE40B4DE-E304-4D7F-97A2-90B45B6CE689}.Release|Any CPU.Build.0 = Release|Any CPU
		{DE40B4DE-E304-4D7F-97A2-90B45B6CE689}.Release|x64.ActiveCfg = Release|Any CPU
		{DE40B4DE-E304-4D7F-97A2-90B45B6CE689}.Release|x64.Build.0 = Release|Any CPU
		{DE40B4DE-E304-4D7F-97A2-90B45B6CE689}.Release|x86.ActiveCfg = Release|Any CPU
		{DE40B4DE-E304-4D7F-97A2-90B45B6CE689}.Release|x86.Build.0 = Release|Any CPU
		{28255BF3-7C9C-4ECE-AEAB-2C24358B4021}.Debug|Any CPU.ActiveCfg = Debug|Any CPU
		{28255BF3-7C9C-4ECE-AEAB-2C24358B4021}.Debug|Any CPU.Build.0 = Debug|Any CPU
		{28255BF3-7C9C-4ECE-AEAB-2C24358B4021}.Debug|x64.ActiveCfg = Debug|Any CPU
		{28255BF3-7C9C-4ECE-AEAB-2C24358B4021}.Debug|x64.Build.0 = Debug|Any CPU
		{28255BF3-7C9C-4ECE-AEAB-2C24358B4021}.Debug|x86.ActiveCfg = Debug|Any CPU
		{28255BF3-7C9C-4ECE-AEAB-2C24358B4021}.Debug|x86.Build.0 = Debug|Any CPU
		{28255BF3-7C9C-4ECE-AEAB-2C24358B4021}.Release|Any CPU.ActiveCfg = Release|Any CPU
		{28255BF3-7C9C-4ECE-AEAB-2C24358B4021}.Release|Any CPU.Build.0 = Release|Any CPU
		{28255BF3-7C9C-4ECE-AEAB-2C24358B4021}.Release|x64.ActiveCfg = Release|Any CPU
		{28255BF3-7C9C-4ECE-AEAB-2C24358B4021}.Release|x64.Build.0 = Release|Any CPU
		{28255BF3-7C9C-4ECE-AEAB-2C24358B4021}.Release|x86.ActiveCfg = Release|Any CPU
		{28255BF3-7C9C-4ECE-AEAB-2C24358B4021}.Release|x86.Build.0 = Release|Any CPU
		{EAFAB667-B5F7-496E-8CBE-54EE8BA57644}.Debug|Any CPU.ActiveCfg = Debug|Any CPU
		{EAFAB667-B5F7-496E-8CBE-54EE8BA57644}.Debug|Any CPU.Build.0 = Debug|Any CPU
		{EAFAB667-B5F7-496E-8CBE-54EE8BA57644}.Debug|x64.ActiveCfg = Debug|Any CPU
		{EAFAB667-B5F7-496E-8CBE-54EE8BA57644}.Debug|x64.Build.0 = Debug|Any CPU
		{EAFAB667-B5F7-496E-8CBE-54EE8BA57644}.Debug|x86.ActiveCfg = Debug|Any CPU
		{EAFAB667-B5F7-496E-8CBE-54EE8BA57644}.Debug|x86.Build.0 = Debug|Any CPU
		{EAFAB667-B5F7-496E-8CBE-54EE8BA57644}.Release|Any CPU.ActiveCfg = Release|Any CPU
		{EAFAB667-B5F7-496E-8CBE-54EE8BA57644}.Release|Any CPU.Build.0 = Release|Any CPU
		{EAFAB667-B5F7-496E-8CBE-54EE8BA57644}.Release|x64.ActiveCfg = Release|Any CPU
		{EAFAB667-B5F7-496E-8CBE-54EE8BA57644}.Release|x64.Build.0 = Release|Any CPU
		{EAFAB667-B5F7-496E-8CBE-54EE8BA57644}.Release|x86.ActiveCfg = Release|Any CPU
		{EAFAB667-B5F7-496E-8CBE-54EE8BA57644}.Release|x86.Build.0 = Release|Any CPU
	EndGlobalSection
	GlobalSection(SolutionProperties) = preSolution
		HideSolutionNode = FALSE
	EndGlobalSection
	GlobalSection(NestedProjects) = preSolution
		{92751800-CC25-4FE1-AC51-B0848EE35E15} = {827E0CD3-B72D-47B6-A68D-7590B98EB39B}
		{73D5C778-97EB-4777-9240-FC3C883C404C} = {827E0CD3-B72D-47B6-A68D-7590B98EB39B}
		{DE40B4DE-E304-4D7F-97A2-90B45B6CE689} = {827E0CD3-B72D-47B6-A68D-7590B98EB39B}
		{28255BF3-7C9C-4ECE-AEAB-2C24358B4021} = {827E0CD3-B72D-47B6-A68D-7590B98EB39B}
		{EAFAB667-B5F7-496E-8CBE-54EE8BA57644} = {827E0CD3-B72D-47B6-A68D-7590B98EB39B}
	EndGlobalSection
EndGlobal
